{
  "originHash" : "96dcd746e17a69da17d8f60d2b80629d8cc6bf0f555ee2835c83524e6c4bcbf2",
  "pins" : [
    {
      "identity" : "axiscontribution",
      "kind" : "remoteSourceControl",
      "location" : "https://github.com/jasudev/AxisContribution.git",
      "state" : {
        "revision" : "dd794264fe7f4c265e05bc0867370ed587e27279",
        "version" : "0.5.0"
      }
    },
    {
      "identity" : "realm-core",
      "kind" : "remoteSourceControl",
      "location" : "https://github.com/realm/realm-core.git",
      "state" : {
        "revision" : "4d815c6e6883bfdcb67cf755d0f0f29a4b399ea7",
        "version" : "14.5.2"
      }
    },
    {
      "identity" : "realm-swift",
      "kind" : "remoteSourceControl",
      "location" : "https://github.com/realm/realm-swift.git",
      "state" : {
        "branch" : "master",
        "revision" : "309003bb852df09585b8912720d3f6ee5023afbe"
      }
    }
  ],
  "version" : 3
}
